
Microsoft Visual Studio Solution File, Format Version 12.00
# Visual Studio Version 17
VisualStudioVersion = 17.2.32616.157
MinimumVisualStudioVersion = 10.0.40219.1
Project("{9A19103F-16F7-4668-BE54-9A1E7A4F7556}") = "NLayer.Core", "NLayer.Core\NLayer.Core.csproj", "{6AC7B133-65DB-4C2A-9E38-848DABB6DB83}"
EndProject
Project("{2150E333-8FDC-42A3-9474-1A3956D46DE8}") = "Solution Items", "Solution Items", "{0C2FB167-3CE6-44B7-9A4C-EC3446581252}"
	ProjectSection(SolutionItems) = preProject
		.editorconfig = .editorconfig
	EndProjectSection
EndProject
Project("{9A19103F-16F7-4668-BE54-9A1E7A4F7556}") = "NLayer.Repository", "NLayer.Repository\NLayer.Repository.csproj", "{2A5A8909-8A6F-47AF-965D-9289A16AF41E}"
EndProject
Project("{9A19103F-16F7-4668-BE54-9A1E7A4F7556}") = "NLayer.Service", "NLayer.Service\NLayer.Service.csproj", "{C79D0EC7-C361-40F3-B508-7A2DEA3A662A}"
EndProject
Project("{9A19103F-16F7-4668-BE54-9A1E7A4F7556}") = "NLayer.API", "NLayer.API\NLayer.API.csproj", "{538C4DF3-191A-429D-AA18-F79BD7C3925A}"
EndProject
Project("{9A19103F-16F7-4668-BE54-9A1E7A4F7556}") = "NLayer.Web", "NLayer.Web\NLayer.Web.csproj", "{FFFED427-0109-4823-864C-14ABB88954DB}"
EndProject
Project("{9A19103F-16F7-4668-BE54-9A1E7A4F7556}") = "NLayerCaching", "NLayerCaching\NLayerCaching.csproj", "{6E0E40FB-DFAD-440E-B29B-43D4F5C8AEDF}"
EndProject
Global
	GlobalSection(SolutionConfigurationPlatforms) = preSolution
		Debug|Any CPU = Debug|Any CPU
		Release|Any CPU = Release|Any CPU
	EndGlobalSection
	GlobalSection(ProjectConfigurationPlatforms) = postSolution
		{6AC7B133-65DB-4C2A-9E38-848DABB6DB83}.Debug|Any CPU.ActiveCfg = Debug|Any CPU
		{6AC7B133-65DB-4C2A-9E38-848DABB6DB83}.Debug|Any CPU.Build.0 = Debug|Any CPU
		{6AC7B133-65DB-4C2A-9E38-848DABB6DB83}.Release|Any CPU.ActiveCfg = Release|Any CPU
		{6AC7B133-65DB-4C2A-9E38-848DABB6DB83}.Release|Any CPU.Build.0 = Release|Any CPU
		{2A5A8909-8A6F-47AF-965D-9289A16AF41E}.Debug|Any CPU.ActiveCfg = Debug|Any CPU
		{2A5A8909-8A6F-47AF-965D-9289A16AF41E}.Debug|Any CPU.Build.0 = Debug|Any CPU
		{2A5A8909-8A6F-47AF-965D-9289A16AF41E}.Release|Any CPU.ActiveCfg = Release|Any CPU
		{2A5A8909-8A6F-47AF-965D-9289A16AF41E}.Release|Any CPU.Build.0 = Release|Any CPU
		{C79D0EC7-C361-40F3-B508-7A2DEA3A662A}.Debug|Any CPU.ActiveCfg = Debug|Any CPU
		{C79D0EC7-C361-40F3-B508-7A2DEA3A662A}.Debug|Any CPU.Build.0 = Debug|Any CPU
		{C79D0EC7-C361-40F3-B508-7A2DEA3A662A}.Release|Any CPU.ActiveCfg = Release|Any CPU
		{C79D0EC7-C361-40F3-B508-7A2DEA3A662A}.Release|Any CPU.Build.0 = Release|Any CPU
		{538C4DF3-191A-429D-AA18-F79BD7C3925A}.Debug|Any CPU.ActiveCfg = Debug|Any CPU
		{538C4DF3-191A-429D-AA18-F79BD7C3925A}.Debug|Any CPU.Build.0 = Debug|Any CPU
		{538C4DF3-191A-429D-AA18-F79BD7C3925A}.Release|Any CPU.ActiveCfg = Release|Any CPU
		{538C4DF3-191A-429D-AA18-F79BD7C3925A}.Release|Any CPU.Build.0 = Release|Any CPU
		{FFFED427-0109-4823-864C-14ABB88954DB}.Debug|Any CPU.ActiveCfg = Debug|Any CPU
		{FFFED427-0109-4823-864C-14ABB88954DB}.Debug|Any CPU.Build.0 = Debug|Any CPU
		{FFFED427-0109-4823-864C-14ABB88954DB}.Release|Any CPU.ActiveCfg = Release|Any CPU
		{FFFED427-0109-4823-864C-14ABB88954DB}.Release|Any CPU.Build.0 = Release|Any CPU
		{6E0E40FB-DFAD-440E-B29B-43D4F5C8AEDF}.Debug|Any CPU.ActiveCfg = Debug|Any CPU
		{6E0E40FB-DFAD-440E-B29B-43D4F5C8AEDF}.Debug|Any CPU.Build.0 = Debug|Any CPU
		{6E0E40FB-DFAD-440E-B29B-43D4F5C8AEDF}.Release|Any CPU.ActiveCfg = Release|Any CPU
		{6E0E40FB-DFAD-440E-B29B-43D4F5C8AEDF}.Release|Any CPU.Build.0 = Release|Any CPU
	EndGlobalSection
	GlobalSection(SolutionProperties) = preSolution
		HideSolutionNode = FALSE
	EndGlobalSection
	GlobalSection(ExtensibilityGlobals) = postSolution
		SolutionGuid = {207981A2-1851-42C2-A38B-1ED15A2328AA}
	EndGlobalSection
EndGlobal
